{
  "version": 4,
  "terraform_version": "1.0.8",
  "serial": 31,
  "lineage": "15ffcf8d-26b0-64e7-5e8c-e4df5e320e44",
  "outputs": {},
  "resources": [
    {
      "module": "module.vpc[\"transit_vpc\"]",
      "mode": "data",
      "type": "http",
      "name": "myip",
      "provider": "provider[\"registry.terraform.io/hashicorp/http\"]",
      "instances": [
        {
          "schema_version": 0,
          "attributes": {
            "body": "3.12.120.121",
            "id": "https://api.ipify.org",
            "request_headers": null,
            "response_headers": {
              "Connection": "keep-alive",
              "Content-Length": "12",
              "Content-Type": "text/plain",
              "Date": "Wed, 10 Nov 2021 05:32:59 GMT",
              "Server": "Cowboy",
              "Vary": "Origin",
              "Via": "1.1 vegur"
            },
            "url": "https://api.ipify.org"
          },
          "sensitive_attributes": []
        }
      ]
    },
    {
      "module": "module.vpc[\"transit_vpc\"]",
      "mode": "managed",
      "type": "aws_default_route_table",
      "name": "transit_vpc_default_rtable",
      "provider": "provider[\"registry.terraform.io/hashicorp/aws\"]",
      "instances": [
        {
          "schema_version": 0,
          "attributes": {
            "arn": "arn:aws:ec2:us-west-2:797433456563:route-table/rtb-018a2a18308f7b5c6",
            "default_route_table_id": "rtb-018a2a18308f7b5c6",
            "id": "rtb-018a2a18308f7b5c6",
            "owner_id": "797433456563",
            "propagating_vgws": null,
            "route": [],
            "tags": {
              "Name": "transit_vpc_oregon_default_rtable",
              "prefix": "transit_vpc_oregon"
            },
            "tags_all": {
              "Name": "transit_vpc_oregon_default_rtable",
              "prefix": "transit_vpc_oregon"
            },
            "timeouts": null,
            "vpc_id": "vpc-087db8a86d5cf1125"
          },
          "sensitive_attributes": [],
          "private": "eyJlMmJmYjczMC1lY2FhLTExZTYtOGY4OC0zNDM2M2JjN2M0YzAiOnsiY3JlYXRlIjoxMjAwMDAwMDAwMDAsInVwZGF0ZSI6MTIwMDAwMDAwMDAwfX0=",
          "dependencies": [
            "module.vpc.aws_vpc.vpc"
          ]
        }
      ]
    },
    {
      "module": "module.vpc[\"transit_vpc\"]",
      "mode": "managed",
      "type": "aws_internet_gateway",
      "name": "igw",
      "provider": "provider[\"registry.terraform.io/hashicorp/aws\"]",
      "instances": [
        {
          "schema_version": 0,
          "attributes": {
            "arn": "arn:aws:ec2:us-west-2:797433456563:internet-gateway/igw-01677b9964ffae13b",
            "id": "igw-01677b9964ffae13b",
            "owner_id": "797433456563",
            "tags": {
              "Name": "transit_vpc_oregon_igw",
              "prefix": "transit_vpc_oregon"
            },
            "tags_all": {
              "Name": "transit_vpc_oregon_igw",
              "prefix": "transit_vpc_oregon"
            },
            "vpc_id": "vpc-087db8a86d5cf1125"
          },
          "sensitive_attributes": [],
          "private": "bnVsbA==",
          "dependencies": [
            "module.vpc.aws_vpc.vpc"
          ]
        }
      ]
    },
    {
      "module": "module.vpc[\"transit_vpc\"]",
      "mode": "managed",
      "type": "aws_route_table",
      "name": "private_route_table",
      "provider": "provider[\"registry.terraform.io/hashicorp/aws\"]",
      "instances": [
        {
          "index_key": 0,
          "schema_version": 0,
          "attributes": {
            "arn": "arn:aws:ec2:us-west-2:797433456563:route-table/rtb-0aa1b520969037f7b",
            "id": "rtb-0aa1b520969037f7b",
            "owner_id": "797433456563",
            "propagating_vgws": [],
            "route": [
              {
                "carrier_gateway_id": "",
                "cidr_block": "3.12.120.121/32",
                "destination_prefix_list_id": "",
                "egress_only_gateway_id": "",
                "gateway_id": "igw-01677b9964ffae13b",
                "instance_id": "",
                "ipv6_cidr_block": "",
                "local_gateway_id": "",
                "nat_gateway_id": "",
                "network_interface_id": "",
                "transit_gateway_id": "",
                "vpc_endpoint_id": "",
                "vpc_peering_connection_id": ""
              }
            ],
            "tags": {
              "Name": "transit_vpc_oregon_private_subnet1_rtable_z1",
              "prefix": "transit_vpc_oregon"
            },
            "tags_all": {
              "Name": "transit_vpc_oregon_private_subnet1_rtable_z1",
              "prefix": "transit_vpc_oregon"
            },
            "timeouts": null,
            "vpc_id": "vpc-087db8a86d5cf1125"
          },
          "sensitive_attributes": [],
          "private": "eyJlMmJmYjczMC1lY2FhLTExZTYtOGY4OC0zNDM2M2JjN2M0YzAiOnsiY3JlYXRlIjoxMjAwMDAwMDAwMDAsImRlbGV0ZSI6MzAwMDAwMDAwMDAwLCJ1cGRhdGUiOjEyMDAwMDAwMDAwMH19",
          "dependencies": [
            "module.vpc.aws_internet_gateway.igw",
            "module.vpc.aws_vpc.vpc",
            "module.vpc.data.http.myip"
          ]
        },
        {
          "index_key": 1,
          "schema_version": 0,
          "attributes": {
            "arn": "arn:aws:ec2:us-west-2:797433456563:route-table/rtb-0627dc367a198ff39",
            "id": "rtb-0627dc367a198ff39",
            "owner_id": "797433456563",
            "propagating_vgws": [],
            "route": [
              {
                "carrier_gateway_id": "",
                "cidr_block": "3.12.120.121/32",
                "destination_prefix_list_id": "",
                "egress_only_gateway_id": "",
                "gateway_id": "igw-01677b9964ffae13b",
                "instance_id": "",
                "ipv6_cidr_block": "",
                "local_gateway_id": "",
                "nat_gateway_id": "",
                "network_interface_id": "",
                "transit_gateway_id": "",
                "vpc_endpoint_id": "",
                "vpc_peering_connection_id": ""
              }
            ],
            "tags": {
              "Name": "transit_vpc_oregon_private_subnet2_rtable_z2",
              "prefix": "transit_vpc_oregon"
            },
            "tags_all": {
              "Name": "transit_vpc_oregon_private_subnet2_rtable_z2",
              "prefix": "transit_vpc_oregon"
            },
            "timeouts": null,
            "vpc_id": "vpc-087db8a86d5cf1125"
          },
          "sensitive_attributes": [],
          "private": "eyJlMmJmYjczMC1lY2FhLTExZTYtOGY4OC0zNDM2M2JjN2M0YzAiOnsiY3JlYXRlIjoxMjAwMDAwMDAwMDAsImRlbGV0ZSI6MzAwMDAwMDAwMDAwLCJ1cGRhdGUiOjEyMDAwMDAwMDAwMH19",
          "dependencies": [
            "module.vpc.aws_internet_gateway.igw",
            "module.vpc.aws_vpc.vpc",
            "module.vpc.data.http.myip"
          ]
        }
      ]
    },
    {
      "module": "module.vpc[\"transit_vpc\"]",
      "mode": "managed",
      "type": "aws_route_table_association",
      "name": "private_subnet_table_association",
      "provider": "provider[\"registry.terraform.io/hashicorp/aws\"]",
      "instances": [
        {
          "index_key": 0,
          "schema_version": 0,
          "attributes": {
            "gateway_id": "",
            "id": "rtbassoc-03a044f17b16f4dd7",
            "route_table_id": "rtb-0aa1b520969037f7b",
            "subnet_id": "subnet-0777b73152854ff36"
          },
          "sensitive_attributes": [],
          "private": "bnVsbA==",
          "dependencies": [
            "module.vpc.aws_internet_gateway.igw",
            "module.vpc.aws_route_table.private_route_table",
            "module.vpc.aws_subnet.private_subnet",
            "module.vpc.aws_vpc.vpc",
            "module.vpc.data.http.myip"
          ]
        },
        {
          "index_key": 1,
          "schema_version": 0,
          "attributes": {
            "gateway_id": "",
            "id": "rtbassoc-086c7debdfeb660b2",
            "route_table_id": "rtb-0627dc367a198ff39",
            "subnet_id": "subnet-0b0d6d6510c6567b9"
          },
          "sensitive_attributes": [],
          "private": "bnVsbA==",
          "dependencies": [
            "module.vpc.aws_internet_gateway.igw",
            "module.vpc.aws_route_table.private_route_table",
            "module.vpc.aws_subnet.private_subnet",
            "module.vpc.aws_vpc.vpc",
            "module.vpc.data.http.myip"
          ]
        }
      ]
    },
    {
      "module": "module.vpc[\"transit_vpc\"]",
      "mode": "managed",
      "type": "aws_subnet",
      "name": "private_subnet",
      "provider": "provider[\"registry.terraform.io/hashicorp/aws\"]",
      "instances": [
        {
          "index_key": 0,
          "schema_version": 1,
          "attributes": {
            "arn": "arn:aws:ec2:us-west-2:797433456563:subnet/subnet-0777b73152854ff36",
            "assign_ipv6_address_on_creation": false,
            "availability_zone": "us-west-2a",
            "availability_zone_id": "usw2-az1",
            "cidr_block": "10.110.0.0/24",
            "customer_owned_ipv4_pool": "",
            "id": "subnet-0777b73152854ff36",
            "ipv6_cidr_block": "",
            "ipv6_cidr_block_association_id": "",
            "map_customer_owned_ip_on_launch": false,
            "map_public_ip_on_launch": false,
            "outpost_arn": "",
            "owner_id": "797433456563",
            "tags": {
              "Name": "transit_vpc_oregon_private_subnet1_z1",
              "prefix": "transit_vpc_oregon"
            },
            "tags_all": {
              "Name": "transit_vpc_oregon_private_subnet1_z1",
              "prefix": "transit_vpc_oregon"
            },
            "timeouts": null,
            "vpc_id": "vpc-087db8a86d5cf1125"
          },
          "sensitive_attributes": [],
          "private": "eyJlMmJmYjczMC1lY2FhLTExZTYtOGY4OC0zNDM2M2JjN2M0YzAiOnsiY3JlYXRlIjo2MDAwMDAwMDAwMDAsImRlbGV0ZSI6MTIwMDAwMDAwMDAwMH0sInNjaGVtYV92ZXJzaW9uIjoiMSJ9",
          "dependencies": [
            "module.vpc.aws_vpc.vpc"
          ]
        },
        {
          "index_key": 1,
          "schema_version": 1,
          "attributes": {
            "arn": "arn:aws:ec2:us-west-2:797433456563:subnet/subnet-0b0d6d6510c6567b9",
            "assign_ipv6_address_on_creation": false,
            "availability_zone": "us-west-2b",
            "availability_zone_id": "usw2-az2",
            "cidr_block": "10.110.3.0/24",
            "customer_owned_ipv4_pool": "",
            "id": "subnet-0b0d6d6510c6567b9",
            "ipv6_cidr_block": "",
            "ipv6_cidr_block_association_id": "",
            "map_customer_owned_ip_on_launch": false,
            "map_public_ip_on_launch": false,
            "outpost_arn": "",
            "owner_id": "797433456563",
            "tags": {
              "Name": "transit_vpc_oregon_private_subnet2_z2",
              "prefix": "transit_vpc_oregon"
            },
            "tags_all": {
              "Name": "transit_vpc_oregon_private_subnet2_z2",
              "prefix": "transit_vpc_oregon"
            },
            "timeouts": null,
            "vpc_id": "vpc-087db8a86d5cf1125"
          },
          "sensitive_attributes": [],
          "private": "eyJlMmJmYjczMC1lY2FhLTExZTYtOGY4OC0zNDM2M2JjN2M0YzAiOnsiY3JlYXRlIjo2MDAwMDAwMDAwMDAsImRlbGV0ZSI6MTIwMDAwMDAwMDAwMH0sInNjaGVtYV92ZXJzaW9uIjoiMSJ9",
          "dependencies": [
            "module.vpc.aws_vpc.vpc"
          ]
        }
      ]
    },
    {
      "module": "module.vpc[\"transit_vpc\"]",
      "mode": "managed",
      "type": "aws_vpc",
      "name": "vpc",
      "provider": "provider[\"registry.terraform.io/hashicorp/aws\"]",
      "instances": [
        {
          "schema_version": 1,
          "attributes": {
            "arn": "arn:aws:ec2:us-west-2:797433456563:vpc/vpc-087db8a86d5cf1125",
            "assign_generated_ipv6_cidr_block": false,
            "cidr_block": "10.110.0.0/16",
            "default_network_acl_id": "acl-0d2c40af500aacc95",
            "default_route_table_id": "rtb-018a2a18308f7b5c6",
            "default_security_group_id": "sg-099e17406fc71bf9c",
            "dhcp_options_id": "dopt-edd5fb95",
            "enable_classiclink": false,
            "enable_classiclink_dns_support": false,
            "enable_dns_hostnames": false,
            "enable_dns_support": true,
            "id": "vpc-087db8a86d5cf1125",
            "instance_tenancy": "default",
            "ipv6_association_id": "",
            "ipv6_cidr_block": "",
            "main_route_table_id": "rtb-018a2a18308f7b5c6",
            "owner_id": "797433456563",
            "tags": {
              "Name": "transit_vpc_oregon_vpc",
              "prefix": "transit_vpc_oregon"
            },
            "tags_all": {
              "Name": "transit_vpc_oregon_vpc",
              "prefix": "transit_vpc_oregon"
            }
          },
          "sensitive_attributes": [],
          "private": "eyJzY2hlbWFfdmVyc2lvbiI6IjEifQ=="
        }
      ]
    }
  ]
}
